
Microsoft Visual Studio Solution File, Format Version 12.00
# Visual Studio 15
Project("{FAE04EC0-301F-11D3-BF4B-00C04F79EFBC}") = "GameLogic", "GameLogic.csproj", "{ED07C26C-D874-4743-E2F2-BB79FBABFFAA}"
EndProject
Project("{FAE04EC0-301F-11D3-BF4B-00C04F79EFBC}") = "Application", "Application.csproj", "{D93677C9-2233-3E96-3B9C-5FFB7CB4FF50}"
EndProject
Project("{FAE04EC0-301F-11D3-BF4B-00C04F79EFBC}") = "Joystick", "Joystick.csproj", "{C1E024DB-48C2-3FCC-B80E-1C3123730E86}"
EndProject
Project("{FAE04EC0-301F-11D3-BF4B-00C04F79EFBC}") = "BattleViews", "BattleViews.csproj", "{905FC63D-D740-A337-86ED-183DD9FD2B4F}"
EndProject
Project("{FAE04EC0-301F-11D3-BF4B-00C04F79EFBC}") = "UnitTest", "UnitTest.csproj", "{E898FEAC-8179-6391-A931-E33ACDCE945D}"
EndProject
Project("{FAE04EC0-301F-11D3-BF4B-00C04F79EFBC}") = "BattleEditor", "BattleEditor.csproj", "{1F15A57B-6FAC-6493-A90D-85D89E7E08F2}"
EndProject
Project("{FAE04EC0-301F-11D3-BF4B-00C04F79EFBC}") = "Server", "Server.csproj", "{CF54EE2D-2459-FB18-859C-AF8D4BE4BE03}"
EndProject
Project("{FAE04EC0-301F-11D3-BF4B-00C04F79EFBC}") = "Assembly-CSharp", "Assembly-CSharp.csproj", "{A2859A56-AB4A-51F9-60BB-1B6FC96E8C70}"
EndProject
Project("{FAE04EC0-301F-11D3-BF4B-00C04F79EFBC}") = "Editor", "Editor.csproj", "{87C74275-8197-FBF3-3A77-DDEDB454289B}"
EndProject
Global
	GlobalSection(SolutionConfigurationPlatforms) = preSolution
		Debug|Any CPU = Debug|Any CPU
		Release|Any CPU = Release|Any CPU
	EndGlobalSection
	GlobalSection(ProjectConfigurationPlatforms) = postSolution
		{ED07C26C-D874-4743-E2F2-BB79FBABFFAA}.Debug|Any CPU.ActiveCfg = Debug|Any CPU
		{ED07C26C-D874-4743-E2F2-BB79FBABFFAA}.Debug|Any CPU.Build.0 = Debug|Any CPU
		{ED07C26C-D874-4743-E2F2-BB79FBABFFAA}.Release|Any CPU.ActiveCfg = Release|Any CPU
		{ED07C26C-D874-4743-E2F2-BB79FBABFFAA}.Release|Any CPU.Build.0 = Release|Any CPU
		{D93677C9-2233-3E96-3B9C-5FFB7CB4FF50}.Debug|Any CPU.ActiveCfg = Debug|Any CPU
		{D93677C9-2233-3E96-3B9C-5FFB7CB4FF50}.Debug|Any CPU.Build.0 = Debug|Any CPU
		{D93677C9-2233-3E96-3B9C-5FFB7CB4FF50}.Release|Any CPU.ActiveCfg = Release|Any CPU
		{D93677C9-2233-3E96-3B9C-5FFB7CB4FF50}.Release|Any CPU.Build.0 = Release|Any CPU
		{C1E024DB-48C2-3FCC-B80E-1C3123730E86}.Debug|Any CPU.ActiveCfg = Debug|Any CPU
		{C1E024DB-48C2-3FCC-B80E-1C3123730E86}.Debug|Any CPU.Build.0 = Debug|Any CPU
		{C1E024DB-48C2-3FCC-B80E-1C3123730E86}.Release|Any CPU.ActiveCfg = Release|Any CPU
		{C1E024DB-48C2-3FCC-B80E-1C3123730E86}.Release|Any CPU.Build.0 = Release|Any CPU
		{905FC63D-D740-A337-86ED-183DD9FD2B4F}.Debug|Any CPU.ActiveCfg = Debug|Any CPU
		{905FC63D-D740-A337-86ED-183DD9FD2B4F}.Debug|Any CPU.Build.0 = Debug|Any CPU
		{905FC63D-D740-A337-86ED-183DD9FD2B4F}.Release|Any CPU.ActiveCfg = Release|Any CPU
		{905FC63D-D740-A337-86ED-183DD9FD2B4F}.Release|Any CPU.Build.0 = Release|Any CPU
		{E898FEAC-8179-6391-A931-E33ACDCE945D}.Debug|Any CPU.ActiveCfg = Debug|Any CPU
		{E898FEAC-8179-6391-A931-E33ACDCE945D}.Debug|Any CPU.Build.0 = Debug|Any CPU
		{E898FEAC-8179-6391-A931-E33ACDCE945D}.Release|Any CPU.ActiveCfg = Release|Any CPU
		{E898FEAC-8179-6391-A931-E33ACDCE945D}.Release|Any CPU.Build.0 = Release|Any CPU
		{1F15A57B-6FAC-6493-A90D-85D89E7E08F2}.Debug|Any CPU.ActiveCfg = Debug|Any CPU
		{1F15A57B-6FAC-6493-A90D-85D89E7E08F2}.Debug|Any CPU.Build.0 = Debug|Any CPU
		{1F15A57B-6FAC-6493-A90D-85D89E7E08F2}.Release|Any CPU.ActiveCfg = Release|Any CPU
		{1F15A57B-6FAC-6493-A90D-85D89E7E08F2}.Release|Any CPU.Build.0 = Release|Any CPU
		{CF54EE2D-2459-FB18-859C-AF8D4BE4BE03}.Debug|Any CPU.ActiveCfg = Debug|Any CPU
		{CF54EE2D-2459-FB18-859C-AF8D4BE4BE03}.Debug|Any CPU.Build.0 = Debug|Any CPU
		{CF54EE2D-2459-FB18-859C-AF8D4BE4BE03}.Release|Any CPU.ActiveCfg = Release|Any CPU
		{CF54EE2D-2459-FB18-859C-AF8D4BE4BE03}.Release|Any CPU.Build.0 = Release|Any CPU
		{A2859A56-AB4A-51F9-60BB-1B6FC96E8C70}.Debug|Any CPU.ActiveCfg = Debug|Any CPU
		{A2859A56-AB4A-51F9-60BB-1B6FC96E8C70}.Debug|Any CPU.Build.0 = Debug|Any CPU
		{A2859A56-AB4A-51F9-60BB-1B6FC96E8C70}.Release|Any CPU.ActiveCfg = Release|Any CPU
		{A2859A56-AB4A-51F9-60BB-1B6FC96E8C70}.Release|Any CPU.Build.0 = Release|Any CPU
		{87C74275-8197-FBF3-3A77-DDEDB454289B}.Debug|Any CPU.ActiveCfg = Debug|Any CPU
		{87C74275-8197-FBF3-3A77-DDEDB454289B}.Debug|Any CPU.Build.0 = Debug|Any CPU
		{87C74275-8197-FBF3-3A77-DDEDB454289B}.Release|Any CPU.ActiveCfg = Release|Any CPU
		{87C74275-8197-FBF3-3A77-DDEDB454289B}.Release|Any CPU.Build.0 = Release|Any CPU
	EndGlobalSection
	GlobalSection(SolutionProperties) = preSolution
		HideSolutionNode = FALSE
	EndGlobalSection
	GlobalSection(MonoDevelopProperties) = preSolution
		StartupItem = Assembly-CSharp.csproj
	EndGlobalSection
EndGlobal
